
Microsoft Visual Studio Solution File, Format Version 11.00
# Visual Studio 2010
Project("{FAE04EC0-301F-11D3-BF4B-00C04F79EFBC}") = "DbConsoleService", "DbConsoleService\DbConsoleService.csproj", "{A8BC7D41-54E2-4FCF-AB22-C8DFFC7C5AF0}"
EndProject
Global
	GlobalSection(SolutionConfigurationPlatforms) = preSolution
		Debug|Any CPU = Debug|Any CPU
		Release|Any CPU = Release|Any CPU
	EndGlobalSection
	GlobalSection(ProjectConfigurationPlatforms) = postSolution
		{A8BC7D41-54E2-4FCF-AB22-C8DFFC7C5AF0}.Debug|Any CPU.ActiveCfg = Debug|Any CPU
		{A8BC7D41-54E2-4FCF-AB22-C8DFFC7C5AF0}.Debug|Any CPU.Build.0 = Debug|Any CPU
		{A8BC7D41-54E2-4FCF-AB22-C8DFFC7C5AF0}.Release|Any CPU.ActiveCfg = Release|Any CPU
		{A8BC7D41-54E2-4FCF-AB22-C8DFFC7C5AF0}.Release|Any CPU.Build.0 = Release|Any CPU
	EndGlobalSection
	GlobalSection(SolutionProperties) = preSolution
		HideSolutionNode = FALSE
	EndGlobalSection
EndGlobal
